{
  "version": 4,
  "terraform_version": "0.15.3",
  "serial": 61,
  "lineage": "1660b8f9-6a0e-665b-77bd-591b5931c52c",
  "outputs": {
    "azurerm_resource_group_name": {
      "value": "ansibledev-df",
      "type": "string"
    },
    "azurerm_virtual_network_name": {
      "value": "ansibledev-df",
      "type": "string"
    },
    "pip1": {
      "value": "ansibledev-df.japaneast.cloudapp.azure.com",
      "type": "string"
    },
    "tls_private_key": {
      "value": "-----BEGIN RSA PRIVATE KEY-----\nMIIJKAIBAAKCAgEAoqL/MEHTXzy8gR9rE4ZGLte5IvJwjCqS7F1bY78rNqNsIpvS\nnZozy52/utrcvdxw6mm4vuwOj9UW2BGXx2Uz2+NkAXd0JUQVR74AmKtJwpbCMOoJ\n+ZgmHRZcnMVh2YC8IIKJUXE7lDClew42cajMLjfzJkI9p6DZxpqZzaxGhSQJP5ag\nURU4z9QyQzRcNn8sPsSyzw7mBKczJV3pS4ablr+X8HPrEUuJrnEXHBKJmPu4HXAP\nYP19DXpSJ0O1IrSAP3sImcnfw97VxUu/Si/vjhioG+TKbW/uwNaARaB2tQBMmVO8\nXXFNTyOSGn3A98DEMNdKVhgYAGdPAmcfrTDeI09+mEeaGzl4TSM0RhnNxuW7RoNe\nn0x+20e5u+LpHVKXbFBZdsXEwVhWF9ky+Kp15sQWzbOUSFxHQEPJ9tdIE1sG5wNJ\nLBevhqwzXD1YSDuJ1qoLTIpmgQ9kUdstONHjQNAKsz+ZBb5x9E5XlJ9ULRaHcWkh\nGRTFUOWJwJWwllTKqosPxm+LKmbysAIiWLx0ObCLEaKAuLTHrvEnW5VzNmYQMGo/\nf3He96ckJbQBWu7+YVkFIvYU4SbahF+Itrx0qRW9Wljz74l6W1OKsBQssBSI0s3k\nYg3cu2GB63yV2wyLj2RXP0+XSdbfLMV/YoQv0AARqgT41CJ7Ke/A0tRR3cMCAwEA\nAQKCAgBs9QpFyDPVwBkB4IyZ3gEy7K9JrGaeYP9hfwH1B2PqDP4rCX3GvEIrDZof\nkvUD9aVoRj/RGNCAp9/QDalDmpdtnx+mo+KZ/MzM7Yv0u/yEcv/SSVk5cCdIoWyW\nUt5FGyvuE8XvXA7wLs8Oa+0ppE52QGGTphksLmT32ydjVSFBnWzcvwrUh4UyJxUt\nVOzaTcTUoG6yrWaIg4OOayYaxSmDiwQ9wUsgoRyyU22KDxlD9o/YmPSUo/6dgu97\nAq9detPYs5KFhWt2C9nnfeG/z/GLnxUw6sx7GNw5MPtqqiAdDwBCUIkHiRqkBE6j\nlNAsq2ZE2lcg6q9Zxdx23aOpIe4PZJFhSzFsgJ12lYZUW6FLnI5KVyMzvnRaMjHz\n1/temV3AyY4YY/KGTdvJvy25W2xE32t+HIAwzU8t13IN0egYcI1TnzxYBeijeBNB\no+kqYc7afHHNhTsr43s0iYTDXyb4RzLEgpvYfaHrCjptxUkvTgZvjRStyzcMKzsY\nDXbsju5Y5z/86Xd1Z2HIMGqNAeUmH5zlXaoHQMaPX/K1nxTLfaWih5V4z7mgCcog\n2A685Ks39xKRziVl++/cny7Rcn4z8zaoboqXoU1oWwdx4RYkRRqSsrnxGnD6ZZCl\nPUCHYPgZYV4rR8fGJmELL8EbmOzL9d6YIk1pFKKWxDSJv/s8kQKCAQEAzApsyDWI\nUWK9AKeQyVVz/XrTIVnvpxNAFYtJ0Jxhm00qXmJCyyagw6ynLZIGe26HI55iv+Am\nM97scLQZhTUaiDQ08xG/fVLLEcpkWm29Tu3n6W2F3Vu+Fj8zLVwXxxdKaVrCGPUi\n8BIR/VD4ok8CT1ruKSgGK+hlAO7cBEnTH+uSo30HN6WU4XzbBfjcXECxN1KMFKM7\nvws4f5n8QZs5PPtsa7tBoUfGwOsjpt5423x0izENAk/hJ63NkWiICCl05calzoku\n0ZcNrTMn/c22VNXhv03R2+Euj1wHYGl8xscuKhIiYFzNc4n1j6Ka7EOHfG3rj1iW\niYhCUj6UUkeYXwKCAQEAzA1pW3vODWaILRwDrahEjZX+G9fp0IsNixYMyy6kzxaz\nw2WiudKCHQc+5/ecCQDpVi+YiTMPD0EXmiHhQyjqncb5lyBB8c5pG20ZGkGCwXSH\nB4nb28PF3IWX7b+D7ieWpj8t3PlMY/CPw/ZjdMaiyfBptuqnyi1gTk6h3LpB01TN\nouIT4eSKiBDEJRy1XKHNUTd3atyPwNGCqV/QdGxCOkZiICvG1uiQlV/EMuXdov+2\nJVrZmdeoQt6Im9h2QA5jQXO6VFB6nIBNE2k3aV066puJ4dEXmo966uwR25sugsgt\n6NGOwrAaGB9R3QlpQOd8PWCQN6AmotnoDcOnDFxFHQKCAQBxEKXPG7r6Pli1cCVP\nK8cmg1VTed7PGl+8kH7K1p1PzabYvmJ86F7Vj2rkWbK12z2Pg0j9QlxpCfLDUUmD\nAzY8m5Fr0D3oWGSm6xxI796jSjnkpAg17YycD1FwpUOX01QspVpBMjW2Co1lbeUZ\nK+b/ykeHDuK8mf6+UZ4h0jbnzUZoyfOh5mNlwCYuXQTfKgoJufhdx0ZoSvN34gBi\n6n0BSeF+oTlxAbElXidXZJhcJ879AqVOzqzZq/npxZ77xt08JqPimyoSgj3V6C8U\n+VU8FXkO5TSRP2rpjfmYd1vpWp4+OeZKt6IxkBU/DsAChDkjvlV2DYT9mUAHCx5t\nqbbJAoIBAQCAHbuU0PritwmxKPG2Svwf2ZkeakZHxcbPGR0XRUX9MEfV2y58dYt0\nJmR8yJ6TmJroniGrov9FmJz1DWid/kawoYl8Naix5eNgcPNd5NvwEvXk6c29AgJt\nHwPxJlnzYa/Y2bo2D+DCrvvVEhIH89+p4uS9EEAhVLQu9nfyWo+R3KDwL/pDznac\nT8qXcpr8eiqrX6P+2FT5v5HGPn5nWsGKTT627EWAEa0V3HcXbfPmr57xfUU6roja\n01X6Y8J7HY18PukynwUc1gGOunUsFnkzbEz6F4o2ZPfMIERmGdzuCDmrAEgePOtl\nUeTYX1xSgAUllEd4ZXlcrmxgmAN+Y0CRAoIBAD7/nyQseexEm7PDzgJtBi05JuuR\nFHzz7qL3S1TtxVsCMx4hG4W7McQaefkuA8Y4+MR1mnFc81clFgw5W7flFTHU48bZ\nsj7RefOn+PIO4FPNmb8zrB1PaEP6uaAD6Qip4F2IQdxSST2ky6WDtjaY1CxKrqSb\neSEppqwkD7H3ayZOZmBlGzEygGTaI4RQ9cfiIG778IUKc6JWeu/mAFSD+xuwnOE2\nmRVyXr1TEfirkWqB9BGpzZgwXVi7/WuKpvMPhbGu+FGa1hFtDa78lSqptzl23NTf\n6cTUEWGt7yyoOYRJPHkGQcfUEX2TsWzS/CFyU1mb1QIS+JOlmAKu2ofxdNQ=\n-----END RSA PRIVATE KEY-----\n",
      "type": "string",
      "sensitive": true
    }
  },
  "resources": [
    {
      "module": "module.linux_vm",
      "mode": "data",
      "type": "azurerm_client_config",
      "name": "current",
      "provider": "provider[\"registry.terraform.io/hashicorp/azurerm\"]",
      "instances": [
        {
          "schema_version": 0,
          "attributes": {
            "client_id": "04b07795-8ddb-461a-bbee-02f9e1bf7b46",
            "id": "2021-05-11 04:31:02.1125741 +0000 UTC",
            "object_id": "99c12fc2-126d-4b1b-a0e6-9b7def484b86",
            "subscription_id": "711c8833-9a55-403a-bcc6-442edb0a1994",
            "tenant_id": "86c45987-0984-4122-a84c-d713fcba108b",
            "timeouts": null
          },
          "sensitive_attributes": []
        }
      ]
    },
    {
      "module": "module.linux_vm",
      "mode": "data",
      "type": "azurerm_subnet",
      "name": "default",
      "provider": "provider[\"registry.terraform.io/hashicorp/azurerm\"]",
      "instances": [
        {
          "schema_version": 0,
          "attributes": {
            "address_prefix": "10.0.0.0/24",
            "address_prefixes": [
              "10.0.0.0/24"
            ],
            "enforce_private_link_endpoint_network_policies": false,
            "enforce_private_link_service_network_policies": false,
            "id": "/subscriptions/711c8833-9a55-403a-bcc6-442edb0a1994/resourceGroups/ansibledev-df/providers/Microsoft.Network/virtualNetworks/ansibledev-df/subnets/default",
            "name": "default",
            "network_security_group_id": "/subscriptions/711c8833-9a55-403a-bcc6-442edb0a1994/resourceGroups/ansibledev-df/providers/Microsoft.Network/networkSecurityGroups/ansibledev-df",
            "resource_group_name": "ansibledev-df",
            "route_table_id": "",
            "service_endpoints": [],
            "timeouts": null,
            "virtual_network_name": "ansibledev-df"
          },
          "sensitive_attributes": []
        }
      ]
    },
    {
      "module": "module.linux_vm",
      "mode": "managed",
      "type": "azurerm_dev_test_global_vm_shutdown_schedule",
      "name": "vm1",
      "provider": "provider[\"registry.terraform.io/hashicorp/azurerm\"]",
      "instances": [
        {
          "schema_version": 0,
          "attributes": {
            "daily_recurrence_time": "1900",
            "enabled": true,
            "id": "/subscriptions/711c8833-9a55-403a-bcc6-442edb0a1994/resourcegroups/ansibledev-df/providers/microsoft.devtestlab/schedules/shutdown-computevm-ansibledev-df",
            "location": "japaneast",
            "notification_settings": [
              {
                "enabled": false,
                "time_in_minutes": 30,
                "webhook_url": ""
              }
            ],
            "tags": null,
            "timeouts": null,
            "timezone": "Tokyo Standard Time",
            "virtual_machine_id": "/subscriptions/711c8833-9a55-403a-bcc6-442edb0a1994/resourceGroups/ansibledev-df/providers/Microsoft.Compute/virtualMachines/ansibledev-df"
          },
          "sensitive_attributes": [],
          "private": "eyJlMmJmYjczMC1lY2FhLTExZTYtOGY4OC0zNDM2M2JjN2M0YzAiOnsiY3JlYXRlIjoxODAwMDAwMDAwMDAwLCJkZWxldGUiOjE4MDAwMDAwMDAwMDAsInJlYWQiOjMwMDAwMDAwMDAwMCwidXBkYXRlIjoxODAwMDAwMDAwMDAwfX0=",
          "dependencies": [
            "module.linux_vm.azurerm_linux_virtual_machine.vm1",
            "module.linux_vm.azurerm_network_interface.nic1",
            "module.linux_vm.azurerm_network_security_group.subnet1nsg1",
            "module.linux_vm.azurerm_public_ip.pip1",
            "module.linux_vm.azurerm_resource_group.rg1",
            "module.linux_vm.azurerm_virtual_network.vnet1",
            "module.linux_vm.data.azurerm_subnet.default",
            "module.linux_vm.tls_private_key.vm1key"
          ]
        }
      ]
    },
    {
      "module": "module.linux_vm",
      "mode": "managed",
      "type": "azurerm_linux_virtual_machine",
      "name": "vm1",
      "provider": "provider[\"registry.terraform.io/hashicorp/azurerm\"]",
      "instances": [
        {
          "schema_version": 0,
          "attributes": {
            "additional_capabilities": [],
            "admin_password": null,
            "admin_ssh_key": [
              {
                "public_key": "ssh-rsa AAAAB3NzaC1yc2EAAAADAQABAAACAQCiov8wQdNfPLyBH2sThkYu17ki8nCMKpLsXVtjvys2o2wim9KdmjPLnb+62ty93HDqabi+7A6P1RbYEZfHZTPb42QBd3QlRBVHvgCYq0nClsIw6gn5mCYdFlycxWHZgLwggolRcTuUMKV7DjZxqMwuN/MmQj2noNnGmpnNrEaFJAk/lqBRFTjP1DJDNFw2fyw+xLLPDuYEpzMlXelLhpuWv5fwc+sRS4mucRccEomY+7gdcA9g/X0NelInQ7UitIA/ewiZyd/D3tXFS79KL++OGKgb5Mptb+7A1oBFoHa1AEyZU7xdcU1PI5IafcD3wMQw10pWGBgAZ08CZx+tMN4jT36YR5obOXhNIzRGGc3G5btGg16fTH7bR7m74ukdUpdsUFl2xcTBWFYX2TL4qnXmxBbNs5RIXEdAQ8n210gTWwbnA0ksF6+GrDNcPVhIO4nWqgtMimaBD2RR2y040eNA0AqzP5kFvnH0TleUn1QtFodxaSEZFMVQ5YnAlbCWVMqqiw/Gb4sqZvKwAiJYvHQ5sIsRooC4tMeu8SdblXM2ZhAwaj9/cd73pyQltAFa7v5hWQUi9hThJtqEX4i2vHSpFb1aWPPviXpbU4qwFCywFIjSzeRiDdy7YYHrfJXbDIuPZFc/T5dJ1t8sxX9ihC/QABGqBPjUInsp78DS1FHdww==\n",
                "username": "ansibleadmin"
              }
            ],
            "admin_username": "ansibleadmin",
            "allow_extension_operations": true,
            "availability_set_id": "",
            "boot_diagnostics": [],
            "computer_name": "ansibledev-df",
            "custom_data": null,
            "dedicated_host_id": "",
            "disable_password_authentication": true,
            "eviction_policy": "",
            "id": "/subscriptions/711c8833-9a55-403a-bcc6-442edb0a1994/resourceGroups/ansibledev-df/providers/Microsoft.Compute/virtualMachines/ansibledev-df",
            "identity": [],
            "location": "japaneast",
            "max_bid_price": -1,
            "name": "ansibledev-df",
            "network_interface_ids": [
              "/subscriptions/711c8833-9a55-403a-bcc6-442edb0a1994/resourceGroups/ansibledev-df/providers/Microsoft.Network/networkInterfaces/ansibledev-df"
            ],
            "os_disk": [
              {
                "caching": "ReadWrite",
                "diff_disk_settings": [],
                "disk_encryption_set_id": "",
                "disk_size_gb": 30,
                "name": "ansibledev-df_disk1_88b7291de18848009e830572c4afae1e",
                "storage_account_type": "Standard_LRS",
                "write_accelerator_enabled": false
              }
            ],
            "plan": [],
            "priority": "Regular",
            "private_ip_address": "10.0.0.5",
            "private_ip_addresses": [
              "10.0.0.5"
            ],
            "provision_vm_agent": true,
            "proximity_placement_group_id": "",
            "public_ip_address": "20.191.190.219",
            "public_ip_addresses": [
              "20.191.190.219"
            ],
            "resource_group_name": "ansibledev-df",
            "secret": [],
            "size": "Standard_B2s",
            "source_image_id": "",
            "source_image_reference": [
              {
                "offer": "UbuntuServer",
                "publisher": "Canonical",
                "sku": "18.04-LTS",
                "version": "latest"
              }
            ],
            "tags": null,
            "timeouts": null,
            "virtual_machine_id": "8c07ea12-fce1-48bf-a6c9-dd17d45b9293",
            "virtual_machine_scale_set_id": "",
            "zone": ""
          },
          "sensitive_attributes": [],
          "private": "eyJlMmJmYjczMC1lY2FhLTExZTYtOGY4OC0zNDM2M2JjN2M0YzAiOnsiY3JlYXRlIjoyNzAwMDAwMDAwMDAwLCJkZWxldGUiOjI3MDAwMDAwMDAwMDAsInJlYWQiOjMwMDAwMDAwMDAwMCwidXBkYXRlIjoyNzAwMDAwMDAwMDAwfX0=",
          "dependencies": [
            "module.linux_vm.azurerm_network_interface.nic1",
            "module.linux_vm.azurerm_network_security_group.subnet1nsg1",
            "module.linux_vm.azurerm_public_ip.pip1",
            "module.linux_vm.azurerm_resource_group.rg1",
            "module.linux_vm.azurerm_virtual_network.vnet1",
            "module.linux_vm.data.azurerm_subnet.default",
            "module.linux_vm.tls_private_key.vm1key"
          ]
        }
      ]
    },
    {
      "module": "module.linux_vm",
      "mode": "managed",
      "type": "azurerm_network_interface",
      "name": "nic1",
      "provider": "provider[\"registry.terraform.io/hashicorp/azurerm\"]",
      "instances": [
        {
          "schema_version": 0,
          "attributes": {
            "applied_dns_servers": [],
            "dns_servers": [],
            "enable_accelerated_networking": false,
            "enable_ip_forwarding": false,
            "id": "/subscriptions/711c8833-9a55-403a-bcc6-442edb0a1994/resourceGroups/ansibledev-df/providers/Microsoft.Network/networkInterfaces/ansibledev-df",
            "internal_dns_name_label": "",
            "internal_domain_name_suffix": "4bibiv440gzelkiusq1vne0azb.lx.internal.cloudapp.net",
            "ip_configuration": [
              {
                "name": "internal",
                "primary": true,
                "private_ip_address": "10.0.0.5",
                "private_ip_address_allocation": "Static",
                "private_ip_address_version": "IPv4",
                "public_ip_address_id": "/subscriptions/711c8833-9a55-403a-bcc6-442edb0a1994/resourceGroups/ansibledev-df/providers/Microsoft.Network/publicIPAddresses/ansibledev-df",
                "subnet_id": "/subscriptions/711c8833-9a55-403a-bcc6-442edb0a1994/resourceGroups/ansibledev-df/providers/Microsoft.Network/virtualNetworks/ansibledev-df/subnets/default"
              }
            ],
            "location": "japaneast",
            "mac_address": "",
            "name": "ansibledev-df",
            "private_ip_address": "10.0.0.5",
            "private_ip_addresses": [
              "10.0.0.5"
            ],
            "resource_group_name": "ansibledev-df",
            "tags": null,
            "timeouts": null,
            "virtual_machine_id": ""
          },
          "sensitive_attributes": [],
          "private": "eyJlMmJmYjczMC1lY2FhLTExZTYtOGY4OC0zNDM2M2JjN2M0YzAiOnsiY3JlYXRlIjoxODAwMDAwMDAwMDAwLCJkZWxldGUiOjE4MDAwMDAwMDAwMDAsInJlYWQiOjMwMDAwMDAwMDAwMCwidXBkYXRlIjoxODAwMDAwMDAwMDAwfX0=",
          "dependencies": [
            "module.linux_vm.azurerm_network_security_group.subnet1nsg1",
            "module.linux_vm.azurerm_public_ip.pip1",
            "module.linux_vm.azurerm_resource_group.rg1",
            "module.linux_vm.azurerm_virtual_network.vnet1",
            "module.linux_vm.data.azurerm_subnet.default"
          ]
        }
      ]
    },
    {
      "module": "module.linux_vm",
      "mode": "managed",
      "type": "azurerm_network_security_group",
      "name": "subnet1nsg1",
      "provider": "provider[\"registry.terraform.io/hashicorp/azurerm\"]",
      "instances": [
        {
          "schema_version": 0,
          "attributes": {
            "id": "/subscriptions/711c8833-9a55-403a-bcc6-442edb0a1994/resourceGroups/ansibledev-df/providers/Microsoft.Network/networkSecurityGroups/ansibledev-df",
            "location": "japaneast",
            "name": "ansibledev-df",
            "resource_group_name": "ansibledev-df",
            "security_rule": [],
            "tags": null,
            "timeouts": null
          },
          "sensitive_attributes": [],
          "private": "eyJlMmJmYjczMC1lY2FhLTExZTYtOGY4OC0zNDM2M2JjN2M0YzAiOnsiY3JlYXRlIjoxODAwMDAwMDAwMDAwLCJkZWxldGUiOjE4MDAwMDAwMDAwMDAsInJlYWQiOjMwMDAwMDAwMDAwMCwidXBkYXRlIjoxODAwMDAwMDAwMDAwfX0=",
          "dependencies": [
            "module.linux_vm.azurerm_resource_group.rg1"
          ]
        }
      ]
    },
    {
      "module": "module.linux_vm",
      "mode": "managed",
      "type": "azurerm_network_security_rule",
      "name": "subnet1nsg1rule1",
      "provider": "provider[\"registry.terraform.io/hashicorp/azurerm\"]",
      "instances": [
        {
          "schema_version": 0,
          "attributes": {
            "access": "Allow",
            "description": "Allow inbound SSH ",
            "destination_address_prefix": "10.0.0.5",
            "destination_address_prefixes": null,
            "destination_application_security_group_ids": null,
            "destination_port_range": "22",
            "destination_port_ranges": null,
            "direction": "Inbound",
            "id": "/subscriptions/711c8833-9a55-403a-bcc6-442edb0a1994/resourceGroups/ansibledev-df/providers/Microsoft.Network/networkSecurityGroups/ansibledev-df/securityRules/SSH_allow",
            "name": "SSH_allow",
            "network_security_group_name": "ansibledev-df",
            "priority": 100,
            "protocol": "Tcp",
            "resource_group_name": "ansibledev-df",
            "source_address_prefix": "*",
            "source_address_prefixes": null,
            "source_application_security_group_ids": null,
            "source_port_range": "*",
            "source_port_ranges": null,
            "timeouts": null
          },
          "sensitive_attributes": [],
          "private": "eyJlMmJmYjczMC1lY2FhLTExZTYtOGY4OC0zNDM2M2JjN2M0YzAiOnsiY3JlYXRlIjoxODAwMDAwMDAwMDAwLCJkZWxldGUiOjE4MDAwMDAwMDAwMDAsInJlYWQiOjMwMDAwMDAwMDAwMCwidXBkYXRlIjoxODAwMDAwMDAwMDAwfX0=",
          "dependencies": [
            "module.linux_vm.azurerm_network_security_group.subnet1nsg1",
            "module.linux_vm.azurerm_resource_group.rg1"
          ]
        }
      ]
    },
    {
      "module": "module.linux_vm",
      "mode": "managed",
      "type": "azurerm_public_ip",
      "name": "pip1",
      "provider": "provider[\"registry.terraform.io/hashicorp/azurerm\"]",
      "instances": [
        {
          "schema_version": 0,
          "attributes": {
            "allocation_method": "Dynamic",
            "domain_name_label": "ansibledev-df",
            "fqdn": "ansibledev-df.japaneast.cloudapp.azure.com",
            "id": "/subscriptions/711c8833-9a55-403a-bcc6-442edb0a1994/resourceGroups/ansibledev-df/providers/Microsoft.Network/publicIPAddresses/ansibledev-df",
            "idle_timeout_in_minutes": 4,
            "ip_address": "",
            "ip_version": "IPv4",
            "location": "japaneast",
            "name": "ansibledev-df",
            "public_ip_prefix_id": null,
            "resource_group_name": "ansibledev-df",
            "reverse_fqdn": "",
            "sku": "Basic",
            "tags": null,
            "timeouts": null,
            "zones": null
          },
          "sensitive_attributes": [],
          "private": "eyJlMmJmYjczMC1lY2FhLTExZTYtOGY4OC0zNDM2M2JjN2M0YzAiOnsiY3JlYXRlIjoxODAwMDAwMDAwMDAwLCJkZWxldGUiOjE4MDAwMDAwMDAwMDAsInJlYWQiOjMwMDAwMDAwMDAwMCwidXBkYXRlIjoxODAwMDAwMDAwMDAwfX0=",
          "dependencies": [
            "module.linux_vm.azurerm_resource_group.rg1"
          ]
        }
      ]
    },
    {
      "module": "module.linux_vm",
      "mode": "managed",
      "type": "azurerm_resource_group",
      "name": "rg1",
      "provider": "provider[\"registry.terraform.io/hashicorp/azurerm\"]",
      "instances": [
        {
          "schema_version": 0,
          "attributes": {
            "id": "/subscriptions/711c8833-9a55-403a-bcc6-442edb0a1994/resourceGroups/ansibledev-df",
            "location": "japaneast",
            "name": "ansibledev-df",
            "tags": null,
            "timeouts": null
          },
          "sensitive_attributes": [],
          "private": "eyJlMmJmYjczMC1lY2FhLTExZTYtOGY4OC0zNDM2M2JjN2M0YzAiOnsiY3JlYXRlIjo1NDAwMDAwMDAwMDAwLCJkZWxldGUiOjU0MDAwMDAwMDAwMDAsInJlYWQiOjMwMDAwMDAwMDAwMCwidXBkYXRlIjo1NDAwMDAwMDAwMDAwfX0="
        }
      ]
    },
    {
      "module": "module.linux_vm",
      "mode": "managed",
      "type": "azurerm_virtual_machine_extension",
      "name": "vm1extension",
      "provider": "provider[\"registry.terraform.io/hashicorp/azurerm\"]",
      "instances": [
        {
          "schema_version": 0,
          "attributes": {
            "auto_upgrade_minor_version": false,
            "id": "/subscriptions/711c8833-9a55-403a-bcc6-442edb0a1994/resourceGroups/ansibledev-df/providers/Microsoft.Compute/virtualMachines/ansibledev-df/extensions/ansibledev-df",
            "name": "ansibledev-df",
            "protected_settings": "    {\n        \"commandToExecute\": \". ./ubuntu-setup-ansible.sh\"\n    }\n",
            "publisher": "Microsoft.Azure.Extensions",
            "settings": "{\"fileUris\":[\"https://raw.githubusercontent.com/globalbao/terraform-azurerm-ansible-linux-vm/master/scripts/ubuntu-setup-ansible.sh\"]}",
            "tags": null,
            "timeouts": null,
            "type": "CustomScript",
            "type_handler_version": "2.1",
            "virtual_machine_id": "/subscriptions/711c8833-9a55-403a-bcc6-442edb0a1994/resourceGroups/ansibledev-df/providers/Microsoft.Compute/virtualMachines/ansibledev-df"
          },
          "sensitive_attributes": [],
          "private": "eyJlMmJmYjczMC1lY2FhLTExZTYtOGY4OC0zNDM2M2JjN2M0YzAiOnsiY3JlYXRlIjoxODAwMDAwMDAwMDAwLCJkZWxldGUiOjE4MDAwMDAwMDAwMDAsInJlYWQiOjMwMDAwMDAwMDAwMCwidXBkYXRlIjoxODAwMDAwMDAwMDAwfX0=",
          "dependencies": [
            "module.linux_vm.azurerm_linux_virtual_machine.vm1",
            "module.linux_vm.azurerm_network_interface.nic1",
            "module.linux_vm.azurerm_network_security_group.subnet1nsg1",
            "module.linux_vm.azurerm_public_ip.pip1",
            "module.linux_vm.azurerm_resource_group.rg1",
            "module.linux_vm.azurerm_virtual_network.vnet1",
            "module.linux_vm.data.azurerm_subnet.default",
            "module.linux_vm.tls_private_key.vm1key"
          ]
        }
      ]
    },
    {
      "module": "module.linux_vm",
      "mode": "managed",
      "type": "azurerm_virtual_network",
      "name": "vnet1",
      "provider": "provider[\"registry.terraform.io/hashicorp/azurerm\"]",
      "instances": [
        {
          "schema_version": 0,
          "attributes": {
            "address_space": [
              "10.0.0.0/24"
            ],
            "ddos_protection_plan": [],
            "dns_servers": null,
            "guid": "571450f0-d1de-45b2-a914-9437569340c9",
            "id": "/subscriptions/711c8833-9a55-403a-bcc6-442edb0a1994/resourceGroups/ansibledev-df/providers/Microsoft.Network/virtualNetworks/ansibledev-df",
            "location": "japaneast",
            "name": "ansibledev-df",
            "resource_group_name": "ansibledev-df",
            "subnet": [
              {
                "address_prefix": "10.0.0.0/24",
                "id": "/subscriptions/711c8833-9a55-403a-bcc6-442edb0a1994/resourceGroups/ansibledev-df/providers/Microsoft.Network/virtualNetworks/ansibledev-df/subnets/default",
                "name": "default",
                "security_group": "/subscriptions/711c8833-9a55-403a-bcc6-442edb0a1994/resourceGroups/ansibledev-df/providers/Microsoft.Network/networkSecurityGroups/ansibledev-df"
              }
            ],
            "tags": null,
            "timeouts": null
          },
          "sensitive_attributes": [],
          "private": "eyJlMmJmYjczMC1lY2FhLTExZTYtOGY4OC0zNDM2M2JjN2M0YzAiOnsiY3JlYXRlIjoxODAwMDAwMDAwMDAwLCJkZWxldGUiOjE4MDAwMDAwMDAwMDAsInJlYWQiOjMwMDAwMDAwMDAwMCwidXBkYXRlIjoxODAwMDAwMDAwMDAwfX0=",
          "dependencies": [
            "module.linux_vm.azurerm_network_security_group.subnet1nsg1",
            "module.linux_vm.azurerm_resource_group.rg1"
          ]
        }
      ]
    },
    {
      "module": "module.linux_vm",
      "mode": "managed",
      "type": "tls_private_key",
      "name": "vm1key",
      "provider": "provider[\"registry.terraform.io/hashicorp/tls\"]",
      "instances": [
        {
          "schema_version": 0,
          "attributes": {
            "algorithm": "RSA",
            "ecdsa_curve": "P224",
            "id": "0432971c41d015ef16d3eddd21afeae8f1b7fe1b",
            "private_key_pem": "-----BEGIN RSA PRIVATE KEY-----\nMIIJKAIBAAKCAgEAoqL/MEHTXzy8gR9rE4ZGLte5IvJwjCqS7F1bY78rNqNsIpvS\nnZozy52/utrcvdxw6mm4vuwOj9UW2BGXx2Uz2+NkAXd0JUQVR74AmKtJwpbCMOoJ\n+ZgmHRZcnMVh2YC8IIKJUXE7lDClew42cajMLjfzJkI9p6DZxpqZzaxGhSQJP5ag\nURU4z9QyQzRcNn8sPsSyzw7mBKczJV3pS4ablr+X8HPrEUuJrnEXHBKJmPu4HXAP\nYP19DXpSJ0O1IrSAP3sImcnfw97VxUu/Si/vjhioG+TKbW/uwNaARaB2tQBMmVO8\nXXFNTyOSGn3A98DEMNdKVhgYAGdPAmcfrTDeI09+mEeaGzl4TSM0RhnNxuW7RoNe\nn0x+20e5u+LpHVKXbFBZdsXEwVhWF9ky+Kp15sQWzbOUSFxHQEPJ9tdIE1sG5wNJ\nLBevhqwzXD1YSDuJ1qoLTIpmgQ9kUdstONHjQNAKsz+ZBb5x9E5XlJ9ULRaHcWkh\nGRTFUOWJwJWwllTKqosPxm+LKmbysAIiWLx0ObCLEaKAuLTHrvEnW5VzNmYQMGo/\nf3He96ckJbQBWu7+YVkFIvYU4SbahF+Itrx0qRW9Wljz74l6W1OKsBQssBSI0s3k\nYg3cu2GB63yV2wyLj2RXP0+XSdbfLMV/YoQv0AARqgT41CJ7Ke/A0tRR3cMCAwEA\nAQKCAgBs9QpFyDPVwBkB4IyZ3gEy7K9JrGaeYP9hfwH1B2PqDP4rCX3GvEIrDZof\nkvUD9aVoRj/RGNCAp9/QDalDmpdtnx+mo+KZ/MzM7Yv0u/yEcv/SSVk5cCdIoWyW\nUt5FGyvuE8XvXA7wLs8Oa+0ppE52QGGTphksLmT32ydjVSFBnWzcvwrUh4UyJxUt\nVOzaTcTUoG6yrWaIg4OOayYaxSmDiwQ9wUsgoRyyU22KDxlD9o/YmPSUo/6dgu97\nAq9detPYs5KFhWt2C9nnfeG/z/GLnxUw6sx7GNw5MPtqqiAdDwBCUIkHiRqkBE6j\nlNAsq2ZE2lcg6q9Zxdx23aOpIe4PZJFhSzFsgJ12lYZUW6FLnI5KVyMzvnRaMjHz\n1/temV3AyY4YY/KGTdvJvy25W2xE32t+HIAwzU8t13IN0egYcI1TnzxYBeijeBNB\no+kqYc7afHHNhTsr43s0iYTDXyb4RzLEgpvYfaHrCjptxUkvTgZvjRStyzcMKzsY\nDXbsju5Y5z/86Xd1Z2HIMGqNAeUmH5zlXaoHQMaPX/K1nxTLfaWih5V4z7mgCcog\n2A685Ks39xKRziVl++/cny7Rcn4z8zaoboqXoU1oWwdx4RYkRRqSsrnxGnD6ZZCl\nPUCHYPgZYV4rR8fGJmELL8EbmOzL9d6YIk1pFKKWxDSJv/s8kQKCAQEAzApsyDWI\nUWK9AKeQyVVz/XrTIVnvpxNAFYtJ0Jxhm00qXmJCyyagw6ynLZIGe26HI55iv+Am\nM97scLQZhTUaiDQ08xG/fVLLEcpkWm29Tu3n6W2F3Vu+Fj8zLVwXxxdKaVrCGPUi\n8BIR/VD4ok8CT1ruKSgGK+hlAO7cBEnTH+uSo30HN6WU4XzbBfjcXECxN1KMFKM7\nvws4f5n8QZs5PPtsa7tBoUfGwOsjpt5423x0izENAk/hJ63NkWiICCl05calzoku\n0ZcNrTMn/c22VNXhv03R2+Euj1wHYGl8xscuKhIiYFzNc4n1j6Ka7EOHfG3rj1iW\niYhCUj6UUkeYXwKCAQEAzA1pW3vODWaILRwDrahEjZX+G9fp0IsNixYMyy6kzxaz\nw2WiudKCHQc+5/ecCQDpVi+YiTMPD0EXmiHhQyjqncb5lyBB8c5pG20ZGkGCwXSH\nB4nb28PF3IWX7b+D7ieWpj8t3PlMY/CPw/ZjdMaiyfBptuqnyi1gTk6h3LpB01TN\nouIT4eSKiBDEJRy1XKHNUTd3atyPwNGCqV/QdGxCOkZiICvG1uiQlV/EMuXdov+2\nJVrZmdeoQt6Im9h2QA5jQXO6VFB6nIBNE2k3aV066puJ4dEXmo966uwR25sugsgt\n6NGOwrAaGB9R3QlpQOd8PWCQN6AmotnoDcOnDFxFHQKCAQBxEKXPG7r6Pli1cCVP\nK8cmg1VTed7PGl+8kH7K1p1PzabYvmJ86F7Vj2rkWbK12z2Pg0j9QlxpCfLDUUmD\nAzY8m5Fr0D3oWGSm6xxI796jSjnkpAg17YycD1FwpUOX01QspVpBMjW2Co1lbeUZ\nK+b/ykeHDuK8mf6+UZ4h0jbnzUZoyfOh5mNlwCYuXQTfKgoJufhdx0ZoSvN34gBi\n6n0BSeF+oTlxAbElXidXZJhcJ879AqVOzqzZq/npxZ77xt08JqPimyoSgj3V6C8U\n+VU8FXkO5TSRP2rpjfmYd1vpWp4+OeZKt6IxkBU/DsAChDkjvlV2DYT9mUAHCx5t\nqbbJAoIBAQCAHbuU0PritwmxKPG2Svwf2ZkeakZHxcbPGR0XRUX9MEfV2y58dYt0\nJmR8yJ6TmJroniGrov9FmJz1DWid/kawoYl8Naix5eNgcPNd5NvwEvXk6c29AgJt\nHwPxJlnzYa/Y2bo2D+DCrvvVEhIH89+p4uS9EEAhVLQu9nfyWo+R3KDwL/pDznac\nT8qXcpr8eiqrX6P+2FT5v5HGPn5nWsGKTT627EWAEa0V3HcXbfPmr57xfUU6roja\n01X6Y8J7HY18PukynwUc1gGOunUsFnkzbEz6F4o2ZPfMIERmGdzuCDmrAEgePOtl\nUeTYX1xSgAUllEd4ZXlcrmxgmAN+Y0CRAoIBAD7/nyQseexEm7PDzgJtBi05JuuR\nFHzz7qL3S1TtxVsCMx4hG4W7McQaefkuA8Y4+MR1mnFc81clFgw5W7flFTHU48bZ\nsj7RefOn+PIO4FPNmb8zrB1PaEP6uaAD6Qip4F2IQdxSST2ky6WDtjaY1CxKrqSb\neSEppqwkD7H3ayZOZmBlGzEygGTaI4RQ9cfiIG778IUKc6JWeu/mAFSD+xuwnOE2\nmRVyXr1TEfirkWqB9BGpzZgwXVi7/WuKpvMPhbGu+FGa1hFtDa78lSqptzl23NTf\n6cTUEWGt7yyoOYRJPHkGQcfUEX2TsWzS/CFyU1mb1QIS+JOlmAKu2ofxdNQ=\n-----END RSA PRIVATE KEY-----\n",
            "public_key_fingerprint_md5": "8d:be:3e:bb:12:a4:7c:89:87:6a:5f:5f:c3:0c:f8:7d",
            "public_key_openssh": "ssh-rsa AAAAB3NzaC1yc2EAAAADAQABAAACAQCiov8wQdNfPLyBH2sThkYu17ki8nCMKpLsXVtjvys2o2wim9KdmjPLnb+62ty93HDqabi+7A6P1RbYEZfHZTPb42QBd3QlRBVHvgCYq0nClsIw6gn5mCYdFlycxWHZgLwggolRcTuUMKV7DjZxqMwuN/MmQj2noNnGmpnNrEaFJAk/lqBRFTjP1DJDNFw2fyw+xLLPDuYEpzMlXelLhpuWv5fwc+sRS4mucRccEomY+7gdcA9g/X0NelInQ7UitIA/ewiZyd/D3tXFS79KL++OGKgb5Mptb+7A1oBFoHa1AEyZU7xdcU1PI5IafcD3wMQw10pWGBgAZ08CZx+tMN4jT36YR5obOXhNIzRGGc3G5btGg16fTH7bR7m74ukdUpdsUFl2xcTBWFYX2TL4qnXmxBbNs5RIXEdAQ8n210gTWwbnA0ksF6+GrDNcPVhIO4nWqgtMimaBD2RR2y040eNA0AqzP5kFvnH0TleUn1QtFodxaSEZFMVQ5YnAlbCWVMqqiw/Gb4sqZvKwAiJYvHQ5sIsRooC4tMeu8SdblXM2ZhAwaj9/cd73pyQltAFa7v5hWQUi9hThJtqEX4i2vHSpFb1aWPPviXpbU4qwFCywFIjSzeRiDdy7YYHrfJXbDIuPZFc/T5dJ1t8sxX9ihC/QABGqBPjUInsp78DS1FHdww==\n",
            "public_key_pem": "-----BEGIN PUBLIC KEY-----\nMIICIjANBgkqhkiG9w0BAQEFAAOCAg8AMIICCgKCAgEAoqL/MEHTXzy8gR9rE4ZG\nLte5IvJwjCqS7F1bY78rNqNsIpvSnZozy52/utrcvdxw6mm4vuwOj9UW2BGXx2Uz\n2+NkAXd0JUQVR74AmKtJwpbCMOoJ+ZgmHRZcnMVh2YC8IIKJUXE7lDClew42cajM\nLjfzJkI9p6DZxpqZzaxGhSQJP5agURU4z9QyQzRcNn8sPsSyzw7mBKczJV3pS4ab\nlr+X8HPrEUuJrnEXHBKJmPu4HXAPYP19DXpSJ0O1IrSAP3sImcnfw97VxUu/Si/v\njhioG+TKbW/uwNaARaB2tQBMmVO8XXFNTyOSGn3A98DEMNdKVhgYAGdPAmcfrTDe\nI09+mEeaGzl4TSM0RhnNxuW7RoNen0x+20e5u+LpHVKXbFBZdsXEwVhWF9ky+Kp1\n5sQWzbOUSFxHQEPJ9tdIE1sG5wNJLBevhqwzXD1YSDuJ1qoLTIpmgQ9kUdstONHj\nQNAKsz+ZBb5x9E5XlJ9ULRaHcWkhGRTFUOWJwJWwllTKqosPxm+LKmbysAIiWLx0\nObCLEaKAuLTHrvEnW5VzNmYQMGo/f3He96ckJbQBWu7+YVkFIvYU4SbahF+Itrx0\nqRW9Wljz74l6W1OKsBQssBSI0s3kYg3cu2GB63yV2wyLj2RXP0+XSdbfLMV/YoQv\n0AARqgT41CJ7Ke/A0tRR3cMCAwEAAQ==\n-----END PUBLIC KEY-----\n",
            "rsa_bits": 4096
          },
          "sensitive_attributes": [],
          "private": "bnVsbA=="
        }
      ]
    }
  ]
}
